
Microsoft Visual Studio Solution File, Format Version 12.00
# Visual Studio Version 16
VisualStudioVersion = 16.0.32106.194
MinimumVisualStudioVersion = 10.0.40219.1
Project("{FAE04EC0-301F-11D3-BF4B-00C04F79EFBC}") = "ECommerceStore", "ECommerceStore\ECommerceStore.csproj", "{4609B155-D84E-4C48-96D1-62E35597522C}"
EndProject
Project("{FAE04EC0-301F-11D3-BF4B-00C04F79EFBC}") = "SharedModel", "..\AdminApi\SharedModel\SharedModel.csproj", "{2BEB77F4-5C6D-4621-9748-694046217D9E}"
EndProject
Project("{FAE04EC0-301F-11D3-BF4B-00C04F79EFBC}") = "AdminApi", "..\AdminApi\AdminApi\AdminApi.csproj", "{935888FB-E95C-49D1-A095-D0D01316E0AD}"
EndProject
Project("{FAE04EC0-301F-11D3-BF4B-00C04F79EFBC}") = "newdesh", "C:\Users\hp\Downloads\newdesh\newdesh\newdesh.csproj", "{9389E38A-1DBD-4F5B-94B2-43E279D3D6D5}"
EndProject
Global
	GlobalSection(SolutionConfigurationPlatforms) = preSolution
		Debug|Any CPU = Debug|Any CPU
		Release|Any CPU = Release|Any CPU
	EndGlobalSection
	GlobalSection(ProjectConfigurationPlatforms) = postSolution
		{4609B155-D84E-4C48-96D1-62E35597522C}.Debug|Any CPU.ActiveCfg = Debug|Any CPU
		{4609B155-D84E-4C48-96D1-62E35597522C}.Debug|Any CPU.Build.0 = Debug|Any CPU
		{4609B155-D84E-4C48-96D1-62E35597522C}.Release|Any CPU.ActiveCfg = Release|Any CPU
		{4609B155-D84E-4C48-96D1-62E35597522C}.Release|Any CPU.Build.0 = Release|Any CPU
		{2BEB77F4-5C6D-4621-9748-694046217D9E}.Debug|Any CPU.ActiveCfg = Debug|Any CPU
		{2BEB77F4-5C6D-4621-9748-694046217D9E}.Debug|Any CPU.Build.0 = Debug|Any CPU
		{2BEB77F4-5C6D-4621-9748-694046217D9E}.Release|Any CPU.ActiveCfg = Release|Any CPU
		{2BEB77F4-5C6D-4621-9748-694046217D9E}.Release|Any CPU.Build.0 = Release|Any CPU
		{935888FB-E95C-49D1-A095-D0D01316E0AD}.Debug|Any CPU.ActiveCfg = Debug|Any CPU
		{935888FB-E95C-49D1-A095-D0D01316E0AD}.Debug|Any CPU.Build.0 = Debug|Any CPU
		{935888FB-E95C-49D1-A095-D0D01316E0AD}.Release|Any CPU.ActiveCfg = Release|Any CPU
		{935888FB-E95C-49D1-A095-D0D01316E0AD}.Release|Any CPU.Build.0 = Release|Any CPU
		{9389E38A-1DBD-4F5B-94B2-43E279D3D6D5}.Debug|Any CPU.ActiveCfg = Debug|Any CPU
		{9389E38A-1DBD-4F5B-94B2-43E279D3D6D5}.Debug|Any CPU.Build.0 = Debug|Any CPU
		{9389E38A-1DBD-4F5B-94B2-43E279D3D6D5}.Release|Any CPU.ActiveCfg = Release|Any CPU
		{9389E38A-1DBD-4F5B-94B2-43E279D3D6D5}.Release|Any CPU.Build.0 = Release|Any CPU
	EndGlobalSection
	GlobalSection(SolutionProperties) = preSolution
		HideSolutionNode = FALSE
	EndGlobalSection
	GlobalSection(ExtensibilityGlobals) = postSolution
		SolutionGuid = {A0DB7F66-8A4D-490E-AC0C-58DFB18C80FD}
	EndGlobalSection
EndGlobal
